
Microsoft Visual Studio Solution File, Format Version 12.00
Project("{FAE04EC0-301F-11D3-BF4B-00C04F79EFBC}") = "LatexToMathML", "LatexToMathML\LatexToMathML.csproj", "{E19A87FB-2733-4008-A98B-15706ACEA729}"
EndProject
Project("{FAE04EC0-301F-11D3-BF4B-00C04F79EFBC}") = "LatexToMathML.Test", "LatexToMathML.Test\LatexToMathML.Test.csproj", "{C274F6A7-8F42-40DB-8311-E6690E3BDCE9}"
EndProject
Global
	GlobalSection(SolutionConfigurationPlatforms) = preSolution
		Debug|Any CPU = Debug|Any CPU
		Release|Any CPU = Release|Any CPU
	EndGlobalSection
	GlobalSection(ProjectConfigurationPlatforms) = postSolution
		{E19A87FB-2733-4008-A98B-15706ACEA729}.Debug|Any CPU.ActiveCfg = Debug|Any CPU
		{E19A87FB-2733-4008-A98B-15706ACEA729}.Debug|Any CPU.Build.0 = Debug|Any CPU
		{E19A87FB-2733-4008-A98B-15706ACEA729}.Release|Any CPU.ActiveCfg = Release|Any CPU
		{E19A87FB-2733-4008-A98B-15706ACEA729}.Release|Any CPU.Build.0 = Release|Any CPU
		{C274F6A7-8F42-40DB-8311-E6690E3BDCE9}.Debug|Any CPU.ActiveCfg = Debug|Any CPU
		{C274F6A7-8F42-40DB-8311-E6690E3BDCE9}.Debug|Any CPU.Build.0 = Debug|Any CPU
		{C274F6A7-8F42-40DB-8311-E6690E3BDCE9}.Release|Any CPU.ActiveCfg = Release|Any CPU
		{C274F6A7-8F42-40DB-8311-E6690E3BDCE9}.Release|Any CPU.Build.0 = Release|Any CPU
	EndGlobalSection
EndGlobal
